{
  "requires": true,
  "lockfileVersion": 1,
  "dependencies": {
    "alertifyjs": {
      "version": "1.11.1",
      "resolved": "https://registry.npmjs.org/alertifyjs/-/alertifyjs-1.11.1.tgz",
      "integrity": "sha512-8rw5zvMlg0Idltq15OOU9tGabYVA/I8JTNIM5ICUXqvrdPb7cfl+sSkTv9pDc6bbB8p9L85GtmOG7SUSv+bugQ=="
    }
  }
}
